// !$*UTF8*$!
{
	archiveVersion = 1;
	classes = {
	};
	objectVersion = 50;
	objects = {

/* Begin PBXBuildFile section */
		3D10359828DCB15C00F89208 /* AppDelegate.swift in Sources */ = {isa = PBXBuildFile; fileRef = 3D10359728DCB15C00F89208 /* AppDelegate.swift */; };
		3D10359A28DCB15C00F89208 /* SceneDelegate.swift in Sources */ = {isa = PBXBuildFile; fileRef = 3D10359928DCB15C00F89208 /* SceneDelegate.swift */; };
		3D10359C28DCB15C00F89208 /* ViewController.swift in Sources */ = {isa = PBXBuildFile; fileRef = 3D10359B28DCB15C00F89208 /* ViewController.swift */; };
		3D10359F28DCB15C00F89208 /* Main.storyboard in Resources */ = {isa = PBXBuildFile; fileRef = 3D10359D28DCB15C00F89208 /* Main.storyboard */; };
		3D1035A128DCB16200F89208 /* Assets.xcassets in Resources */ = {isa = PBXBuildFile; fileRef = 3D1035A028DCB16200F89208 /* Assets.xcassets */; };
		3D1035A428DCB16200F89208 /* LaunchScreen.storyboard in Resources */ = {isa = PBXBuildFile; fileRef = 3D1035A228DCB16200F89208 /* LaunchScreen.storyboard */; };
		3D1035AF28DCB16200F89208 /* alumnosTests.swift in Sources */ = {isa = PBXBuildFile; fileRef = 3D1035AE28DCB16200F89208 /* alumnosTests.swift */; };
		3D1035BA28DCB16200F89208 /* alumnosUITests.swift in Sources */ = {isa = PBXBuildFile; fileRef = 3D1035B928DCB16200F89208 /* alumnosUITests.swift */; };
		3D1035C928DCB21C00F89208 /* Alumno.swift in Sources */ = {isa = PBXBuildFile; fileRef = 3D1035C828DCB21C00F89208 /* Alumno.swift */; };
		3D1035CC28DCB49200F89208 /* AlumnosController.swift in Sources */ = {isa = PBXBuildFile; fileRef = 3D1035CB28DCB49200F89208 /* AlumnosController.swift */; };
		3D1035CE28DCB60200F89208 /* CeldaAlumnoController.swift in Sources */ = {isa = PBXBuildFile; fileRef = 3D1035CD28DCB60200F89208 /* CeldaAlumnoController.swift */; };
/* End PBXBuildFile section */

/* Begin PBXContainerItemProxy section */
		3D1035AB28DCB16200F89208 /* PBXContainerItemProxy */ = {
			isa = PBXContainerItemProxy;
			containerPortal = 3D10358C28DCB15C00F89208 /* Project object */;
			proxyType = 1;
			remoteGlobalIDString = 3D10359328DCB15C00F89208;
			remoteInfo = alumnos;
		};
		3D1035B628DCB16200F89208 /* PBXContainerItemProxy */ = {
			isa = PBXContainerItemProxy;
			containerPortal = 3D10358C28DCB15C00F89208 /* Project object */;
			proxyType = 1;
			remoteGlobalIDString = 3D10359328DCB15C00F89208;
			remoteInfo = alumnos;
		};
/* End PBXContainerItemProxy section */

/* Begin PBXFileReference section */
		3D10359428DCB15C00F89208 /* alumnos.app */ = {isa = PBXFileReference; explicitFileType = wrapper.application; includeInIndex = 0; path = alumnos.app; sourceTree = BUILT_PRODUCTS_DIR; };
		3D10359728DCB15C00F89208 /* AppDelegate.swift */ = {isa = PBXFileReference; lastKnownFileType = sourcecode.swift; path = AppDelegate.swift; sourceTree = "<group>"; };
		3D10359928DCB15C00F89208 /* SceneDelegate.swift */ = {isa = PBXFileReference; lastKnownFileType = sourcecode.swift; path = SceneDelegate.swift; sourceTree = "<group>"; };
		3D10359B28DCB15C00F89208 /* ViewController.swift */ = {isa = PBXFileReference; lastKnownFileType = sourcecode.swift; path = ViewController.swift; sourceTree = "<group>"; };
		3D10359E28DCB15C00F89208 /* Base */ = {isa = PBXFileReference; lastKnownFileType = file.storyboard; name = Base; path = Base.lproj/Main.storyboard; sourceTree = "<group>"; };
		3D1035A028DCB16200F89208 /* Assets.xcassets */ = {isa = PBXFileReference; lastKnownFileType = folder.assetcatalog; path = Assets.xcassets; sourceTree = "<group>"; };
		3D1035A328DCB16200F89208 /* Base */ = {isa = PBXFileReference; lastKnownFileType = file.storyboard; name = Base; path = Base.lproj/LaunchScreen.storyboard; sourceTree = "<group>"; };
		3D1035A528DCB16200F89208 /* Info.plist */ = {isa = PBXFileReference; lastKnownFileType = text.plist.xml; path = Info.plist; sourceTree = "<group>"; };
		3D1035AA28DCB16200F89208 /* alumnosTests.xctest */ = {isa = PBXFileReference; explicitFileType = wrapper.cfbundle; includeInIndex = 0; path = alumnosTests.xctest; sourceTree = BUILT_PRODUCTS_DIR; };
		3D1035AE28DCB16200F89208 /* alumnosTests.swift */ = {isa = PBXFileReference; lastKnownFileType = sourcecode.swift; path = alumnosTests.swift; sourceTree = "<group>"; };
		3D1035B028DCB16200F89208 /* Info.plist */ = {isa = PBXFileReference; lastKnownFileType = text.plist.xml; path = Info.plist; sourceTree = "<group>"; };
		3D1035B528DCB16200F89208 /* alumnosUITests.xctest */ = {isa = PBXFileReference; explicitFileType = wrapper.cfbundle; includeInIndex = 0; path = alumnosUITests.xctest; sourceTree = BUILT_PRODUCTS_DIR; };
		3D1035B928DCB16200F89208 /* alumnosUITests.swift */ = {isa = PBXFileReference; lastKnownFileType = sourcecode.swift; path = alumnosUITests.swift; sourceTree = "<group>"; };
		3D1035BB28DCB16200F89208 /* Info.plist */ = {isa = PBXFileReference; lastKnownFileType = text.plist.xml; path = Info.plist; sourceTree = "<group>"; };
		3D1035C828DCB21C00F89208 /* Alumno.swift */ = {isa = PBXFileReference; lastKnownFileType = sourcecode.swift; path = Alumno.swift; sourceTree = "<group>"; };
		3D1035CB28DCB49200F89208 /* AlumnosController.swift */ = {isa = PBXFileReference; lastKnownFileType = sourcecode.swift; path = AlumnosController.swift; sourceTree = "<group>"; };
		3D1035CD28DCB60200F89208 /* CeldaAlumnoController.swift */ = {isa = PBXFileReference; lastKnownFileType = sourcecode.swift; path = CeldaAlumnoController.swift; sourceTree = "<group>"; };
/* End PBXFileReference section */

/* Begin PBXFrameworksBuildPhase section */
		3D10359128DCB15C00F89208 /* Frameworks */ = {
			isa = PBXFrameworksBuildPhase;
			buildActionMask = 2147483647;
			files = (
			);
			runOnlyForDeploymentPostprocessing = 0;
		};
		3D1035A728DCB16200F89208 /* Frameworks */ = {
			isa = PBXFrameworksBuildPhase;
			buildActionMask = 2147483647;
			files = (
			);
			runOnlyForDeploymentPostprocessing = 0;
		};
		3D1035B228DCB16200F89208 /* Frameworks */ = {
			isa = PBXFrameworksBuildPhase;
			buildActionMask = 2147483647;
			files = (
			);
			runOnlyForDeploymentPostprocessing = 0;
		};
/* End PBXFrameworksBuildPhase section */

/* Begin PBXGroup section */
		3D10358B28DCB15C00F89208 = {
			isa = PBXGroup;
			children = (
				3D10359628DCB15C00F89208 /* alumnos */,
				3D1035AD28DCB16200F89208 /* alumnosTests */,
				3D1035B828DCB16200F89208 /* alumnosUITests */,
				3D10359528DCB15C00F89208 /* Products */,
			);
			sourceTree = "<group>";
		};
		3D10359528DCB15C00F89208 /* Products */ = {
			isa = PBXGroup;
			children = (
				3D10359428DCB15C00F89208 /* alumnos.app */,
				3D1035AA28DCB16200F89208 /* alumnosTests.xctest */,
				3D1035B528DCB16200F89208 /* alumnosUITests.xctest */,
			);
			name = Products;
			sourceTree = "<group>";
		};
		3D10359628DCB15C00F89208 /* alumnos */ = {
			isa = PBXGroup;
			children = (
				3D1035CA28DCB47D00F89208 /* Controladores */,
				3D1035C728DCB1FF00F89208 /* Modelos */,
				3D10359728DCB15C00F89208 /* AppDelegate.swift */,
				3D10359928DCB15C00F89208 /* SceneDelegate.swift */,
				3D10359B28DCB15C00F89208 /* ViewController.swift */,
				3D10359D28DCB15C00F89208 /* Main.storyboard */,
				3D1035A028DCB16200F89208 /* Assets.xcassets */,
				3D1035A228DCB16200F89208 /* LaunchScreen.storyboard */,
				3D1035A528DCB16200F89208 /* Info.plist */,
			);
			path = alumnos;
			sourceTree = "<group>";
		};
		3D1035AD28DCB16200F89208 /* alumnosTests */ = {
			isa = PBXGroup;
			children = (
				3D1035AE28DCB16200F89208 /* alumnosTests.swift */,
				3D1035B028DCB16200F89208 /* Info.plist */,
			);
			path = alumnosTests;
			sourceTree = "<group>";
		};
		3D1035B828DCB16200F89208 /* alumnosUITests */ = {
			isa = PBXGroup;
			children = (
				3D1035B928DCB16200F89208 /* alumnosUITests.swift */,
				3D1035BB28DCB16200F89208 /* Info.plist */,
			);
			path = alumnosUITests;
			sourceTree = "<group>";
		};
		3D1035C728DCB1FF00F89208 /* Modelos */ = {
			isa = PBXGroup;
			children = (
				3D1035C828DCB21C00F89208 /* Alumno.swift */,
			);
			name = Modelos;
			sourceTree = "<group>";
		};
		3D1035CA28DCB47D00F89208 /* Controladores */ = {
			isa = PBXGroup;
			children = (
				3D1035CB28DCB49200F89208 /* AlumnosController.swift */,
				3D1035CD28DCB60200F89208 /* CeldaAlumnoController.swift */,
			);
			name = Controladores;
			sourceTree = "<group>";
		};
/* End PBXGroup section */

/* Begin PBXNativeTarget section */
		3D10359328DCB15C00F89208 /* alumnos */ = {
			isa = PBXNativeTarget;
			buildConfigurationList = 3D1035BE28DCB16200F89208 /* Build configuration list for PBXNativeTarget "alumnos" */;
			buildPhases = (
				3D10359028DCB15C00F89208 /* Sources */,
				3D10359128DCB15C00F89208 /* Frameworks */,
				3D10359228DCB15C00F89208 /* Resources */,
			);
			buildRules = (
			);
			dependencies = (
			);
			name = alumnos;
			productName = alumnos;
			productReference = 3D10359428DCB15C00F89208 /* alumnos.app */;
			productType = "com.apple.product-type.application";
		};
		3D1035A928DCB16200F89208 /* alumnosTests */ = {
			isa = PBXNativeTarget;
			buildConfigurationList = 3D1035C128DCB16200F89208 /* Build configuration list for PBXNativeTarget "alumnosTests" */;
			buildPhases = (
				3D1035A628DCB16200F89208 /* Sources */,
				3D1035A728DCB16200F89208 /* Frameworks */,
				3D1035A828DCB16200F89208 /* Resources */,
			);
			buildRules = (
			);
			dependencies = (
				3D1035AC28DCB16200F89208 /* PBXTargetDependency */,
			);
			name = alumnosTests;
			productName = alumnosTests;
			productReference = 3D1035AA28DCB16200F89208 /* alumnosTests.xctest */;
			productType = "com.apple.product-type.bundle.unit-test";
		};
		3D1035B428DCB16200F89208 /* alumnosUITests */ = {
			isa = PBXNativeTarget;
			buildConfigurationList = 3D1035C428DCB16200F89208 /* Build configuration list for PBXNativeTarget "alumnosUITests" */;
			buildPhases = (
				3D1035B128DCB16200F89208 /* Sources */,
				3D1035B228DCB16200F89208 /* Frameworks */,
				3D1035B328DCB16200F89208 /* Resources */,
			);
			buildRules = (
			);
			dependencies = (
				3D1035B728DCB16200F89208 /* PBXTargetDependency */,
			);
			name = alumnosUITests;
			productName = alumnosUITests;
			productReference = 3D1035B528DCB16200F89208 /* alumnosUITests.xctest */;
			productType = "com.apple.product-type.bundle.ui-testing";
		};
/* End PBXNativeTarget section */

/* Begin PBXProject section */
		3D10358C28DCB15C00F89208 /* Project object */ = {
			isa = PBXProject;
			attributes = {
				LastSwiftUpdateCheck = 1130;
				LastUpgradeCheck = 1130;
				ORGANIZATIONNAME = Alumno;
				TargetAttributes = {
					3D10359328DCB15C00F89208 = {
						CreatedOnToolsVersion = 11.3.1;
					};
					3D1035A928DCB16200F89208 = {
						CreatedOnToolsVersion = 11.3.1;
						TestTargetID = 3D10359328DCB15C00F89208;
					};
					3D1035B428DCB16200F89208 = {
						CreatedOnToolsVersion = 11.3.1;
						TestTargetID = 3D10359328DCB15C00F89208;
					};
				};
			};
			buildConfigurationList = 3D10358F28DCB15C00F89208 /* Build configuration list for PBXProject "alumnos" */;
			compatibilityVersion = "Xcode 9.3";
			developmentRegion = en;
			hasScannedForEncodings = 0;
			knownRegions = (
				en,
				Base,
			);
			mainGroup = 3D10358B28DCB15C00F89208;
			productRefGroup = 3D10359528DCB15C00F89208 /* Products */;
			projectDirPath = "";
			projectRoot = "";
			targets = (
				3D10359328DCB15C00F89208 /* alumnos */,
				3D1035A928DCB16200F89208 /* alumnosTests */,
				3D1035B428DCB16200F89208 /* alumnosUITests */,
			);
		};
/* End PBXProject section */

/* Begin PBXResourcesBuildPhase section */
		3D10359228DCB15C00F89208 /* Resources */ = {
			isa = PBXResourcesBuildPhase;
			buildActionMask = 2147483647;
			files = (
				3D1035A428DCB16200F89208 /* LaunchScreen.storyboard in Resources */,
				3D1035A128DCB16200F89208 /* Assets.xcassets in Resources */,
				3D10359F28DCB15C00F89208 /* Main.storyboard in Resources */,
			);
			runOnlyForDeploymentPostprocessing = 0;
		};
		3D1035A828DCB16200F89208 /* Resources */ = {
			isa = PBXResourcesBuildPhase;
			buildActionMask = 2147483647;
			files = (
			);
			runOnlyForDeploymentPostprocessing = 0;
		};
		3D1035B328DCB16200F89208 /* Resources */ = {
			isa = PBXResourcesBuildPhase;
			buildActionMask = 2147483647;
			files = (
			);
			runOnlyForDeploymentPostprocessing = 0;
		};
/* End PBXResourcesBuildPhase section */

/* Begin PBXSourcesBuildPhase section */
		3D10359028DCB15C00F89208 /* Sources */ = {
			isa = PBXSourcesBuildPhase;
			buildActionMask = 2147483647;
			files = (
				3D10359C28DCB15C00F89208 /* ViewController.swift in Sources */,
				3D10359828DCB15C00F89208 /* AppDelegate.swift in Sources */,
				3D10359A28DCB15C00F89208 /* SceneDelegate.swift in Sources */,
				3D1035CC28DCB49200F89208 /* AlumnosController.swift in Sources */,
				3D1035C928DCB21C00F89208 /* Alumno.swift in Sources */,
				3D1035CE28DCB60200F89208 /* CeldaAlumnoController.swift in Sources */,
			);
			runOnlyForDeploymentPostprocessing = 0;
		};
		3D1035A628DCB16200F89208 /* Sources */ = {
			isa = PBXSourcesBuildPhase;
			buildActionMask = 2147483647;
			files = (
				3D1035AF28DCB16200F89208 /* alumnosTests.swift in Sources */,
			);
			runOnlyForDeploymentPostprocessing = 0;
		};
		3D1035B128DCB16200F89208 /* Sources */ = {
			isa = PBXSourcesBuildPhase;
			buildActionMask = 2147483647;
			files = (
				3D1035BA28DCB16200F89208 /* alumnosUITests.swift in Sources */,
			);
			runOnlyForDeploymentPostprocessing = 0;
		};
/* End PBXSourcesBuildPhase section */

/* Begin PBXTargetDependency section */
		3D1035AC28DCB16200F89208 /* PBXTargetDependency */ = {
			isa = PBXTargetDependency;
			target = 3D10359328DCB15C00F89208 /* alumnos */;
			targetProxy = 3D1035AB28DCB16200F89208 /* PBXContainerItemProxy */;
		};
		3D1035B728DCB16200F89208 /* PBXTargetDependency */ = {
			isa = PBXTargetDependency;
			target = 3D10359328DCB15C00F89208 /* alumnos */;
			targetProxy = 3D1035B628DCB16200F89208 /* PBXContainerItemProxy */;
		};
/* End PBXTargetDependency section */

/* Begin PBXVariantGroup section */
		3D10359D28DCB15C00F89208 /* Main.storyboard */ = {
			isa = PBXVariantGroup;
			children = (
				3D10359E28DCB15C00F89208 /* Base */,
			);
			name = Main.storyboard;
			sourceTree = "<group>";
		};
		3D1035A228DCB16200F89208 /* LaunchScreen.storyboard */ = {
			isa = PBXVariantGroup;
			children = (
				3D1035A328DCB16200F89208 /* Base */,
			);
			name = LaunchScreen.storyboard;
			sourceTree = "<group>";
		};
/* End PBXVariantGroup section */

/* Begin XCBuildConfiguration section */
		3D1035BC28DCB16200F89208 /* Debug */ = {
			isa = XCBuildConfiguration;
			buildSettings = {
				ALWAYS_SEARCH_USER_PATHS = NO;
				CLANG_ANALYZER_NONNULL = YES;
				CLANG_ANALYZER_NUMBER_OBJECT_CONVERSION = YES_AGGRESSIVE;
				CLANG_CXX_LANGUAGE_STANDARD = "gnu++14";
				CLANG_CXX_LIBRARY = "libc++";
				CLANG_ENABLE_MODULES = YES;
				CLANG_ENABLE_OBJC_ARC = YES;
				CLANG_ENABLE_OBJC_WEAK = YES;
				CLANG_WARN_BLOCK_CAPTURE_AUTORELEASING = YES;
				CLANG_WARN_BOOL_CONVERSION = YES;
				CLANG_WARN_COMMA = YES;
				CLANG_WARN_CONSTANT_CONVERSION = YES;
				CLANG_WARN_DEPRECATED_OBJC_IMPLEMENTATIONS = YES;
				CLANG_WARN_DIRECT_OBJC_ISA_USAGE = YES_ERROR;
				CLANG_WARN_DOCUMENTATION_COMMENTS = YES;
				CLANG_WARN_EMPTY_BODY = YES;
				CLANG_WARN_ENUM_CONVERSION = YES;
				CLANG_WARN_INFINITE_RECURSION = YES;
				CLANG_WARN_INT_CONVERSION = YES;
				CLANG_WARN_NON_LITERAL_NULL_CONVERSION = YES;
				CLANG_WARN_OBJC_IMPLICIT_RETAIN_SELF = YES;
				CLANG_WARN_OBJC_LITERAL_CONVERSION = YES;
				CLANG_WARN_OBJC_ROOT_CLASS = YES_ERROR;
				CLANG_WARN_RANGE_LOOP_ANALYSIS = YES;
				CLANG_WARN_STRICT_PROTOTYPES = YES;
				CLANG_WARN_SUSPICIOUS_MOVE = YES;
				CLANG_WARN_UNGUARDED_AVAILABILITY = YES_AGGRESSIVE;
				CLANG_WARN_UNREACHABLE_CODE = YES;
				CLANG_WARN__DUPLICATE_METHOD_MATCH = YES;
				COPY_PHASE_STRIP = NO;
				DEBUG_INFORMATION_FORMAT = dwarf;
				ENABLE_STRICT_OBJC_MSGSEND = YES;
				ENABLE_TESTABILITY = YES;
				GCC_C_LANGUAGE_STANDARD = gnu11;
				GCC_DYNAMIC_NO_PIC = NO;
				GCC_NO_COMMON_BLOCKS = YES;
				GCC_OPTIMIZATION_LEVEL = 0;
				GCC_PREPROCESSOR_DEFINITIONS = (
					"DEBUG=1",
					"$(inherited)",
				);
				GCC_WARN_64_TO_32_BIT_CONVERSION = YES;
				GCC_WARN_ABOUT_RETURN_TYPE = YES_ERROR;
				GCC_WARN_UNDECLARED_SELECTOR = YES;
				GCC_WARN_UNINITIALIZED_AUTOS = YES_AGGRESSIVE;
				GCC_WARN_UNUSED_FUNCTION = YES;
				GCC_WARN_UNUSED_VARIABLE = YES;
				IPHONEOS_DEPLOYMENT_TARGET = 13.2;
				MTL_ENABLE_DEBUG_INFO = INCLUDE_SOURCE;
				MTL_FAST_MATH = YES;
				ONLY_ACTIVE_ARCH = YES;
				SDKROOT = iphoneos;
				SWIFT_ACTIVE_COMPILATION_CONDITIONS = DEBUG;
				SWIFT_OPTIMIZATION_LEVEL = "-Onone";
			};
			name = Debug;
		};
		3D1035BD28DCB16200F89208 /* Release */ = {
			isa = XCBuildConfiguration;
			buildSettings = {
				ALWAYS_SEARCH_USER_PATHS = NO;
				CLANG_ANALYZER_NONNULL = YES;
				CLANG_ANALYZER_NUMBER_OBJECT_CONVERSION = YES_AGGRESSIVE;
				CLANG_CXX_LANGUAGE_STANDARD = "gnu++14";
				CLANG_CXX_LIBRARY = "libc++";
				CLANG_ENABLE_MODULES = YES;
				CLANG_ENABLE_OBJC_ARC = YES;
				CLANG_ENABLE_OBJC_WEAK = YES;
				CLANG_WARN_BLOCK_CAPTURE_AUTORELEASING = YES;
				CLANG_WARN_BOOL_CONVERSION = YES;
				CLANG_WARN_COMMA = YES;
				CLANG_WARN_CONSTANT_CONVERSION = YES;
				CLANG_WARN_DEPRECATED_OBJC_IMPLEMENTATIONS = YES;
				CLANG_WARN_DIRECT_OBJC_ISA_USAGE = YES_ERROR;
				CLANG_WARN_DOCUMENTATION_COMMENTS = YES;
				CLANG_WARN_EMPTY_BODY = YES;
				CLANG_WARN_ENUM_CONVERSION = YES;
				CLANG_WARN_INFINITE_RECURSION = YES;
				CLANG_WARN_INT_CONVERSION = YES;
				CLANG_WARN_NON_LITERAL_NULL_CONVERSION = YES;
				CLANG_WARN_OBJC_IMPLICIT_RETAIN_SELF = YES;
				CLANG_WARN_OBJC_LITERAL_CONVERSION = YES;
				CLANG_WARN_OBJC_ROOT_CLASS = YES_ERROR;
				CLANG_WARN_RANGE_LOOP_ANALYSIS = YES;
				CLANG_WARN_STRICT_PROTOTYPES = YES;
				CLANG_WARN_SUSPICIOUS_MOVE = YES;
				CLANG_WARN_UNGUARDED_AVAILABILITY = YES_AGGRESSIVE;
				CLANG_WARN_UNREACHABLE_CODE = YES;
				CLANG_WARN__DUPLICATE_METHOD_MATCH = YES;
				COPY_PHASE_STRIP = NO;
				DEBUG_INFORMATION_FORMAT = "dwarf-with-dsym";
				ENABLE_NS_ASSERTIONS = NO;
				ENABLE_STRICT_OBJC_MSGSEND = YES;
				GCC_C_LANGUAGE_STANDARD = gnu11;
				GCC_NO_COMMON_BLOCKS = YES;
				GCC_WARN_64_TO_32_BIT_CONVERSION = YES;
				GCC_WARN_ABOUT_RETURN_TYPE = YES_ERROR;
				GCC_WARN_UNDECLARED_SELECTOR = YES;
				GCC_WARN_UNINITIALIZED_AUTOS = YES_AGGRESSIVE;
				GCC_WARN_UNUSED_FUNCTION = YES;
				GCC_WARN_UNUSED_VARIABLE = YES;
				IPHONEOS_DEPLOYMENT_TARGET = 13.2;
				MTL_ENABLE_DEBUG_INFO = NO;
				MTL_FAST_MATH = YES;
				SDKROOT = iphoneos;
				SWIFT_COMPILATION_MODE = wholemodule;
				SWIFT_OPTIMIZATION_LEVEL = "-O";
				VALIDATE_PRODUCT = YES;
			};
			name = Release;
		};
		3D1035BF28DCB16200F89208 /* Debug */ = {
			isa = XCBuildConfiguration;
			buildSettings = {
				ASSETCATALOG_COMPILER_APPICON_NAME = AppIcon;
				CODE_SIGN_STYLE = Automatic;
				INFOPLIST_FILE = alumnos/Info.plist;
				LD_RUNPATH_SEARCH_PATHS = (
					"$(inherited)",
					"@executable_path/Frameworks",
				);
				PRODUCT_BUNDLE_IDENTIFIER = edu.ulsa.alumnos;
				PRODUCT_NAME = "$(TARGET_NAME)";
				SWIFT_VERSION = 5.0;
				TARGETED_DEVICE_FAMILY = "1,2";
			};
			name = Debug;
		};
		3D1035C028DCB16200F89208 /* Release */ = {
			isa = XCBuildConfiguration;
			buildSettings = {
				ASSETCATALOG_COMPILER_APPICON_NAME = AppIcon;
				CODE_SIGN_STYLE = Automatic;
				INFOPLIST_FILE = alumnos/Info.plist;
				LD_RUNPATH_SEARCH_PATHS = (
					"$(inherited)",
					"@executable_path/Frameworks",
				);
				PRODUCT_BUNDLE_IDENTIFIER = edu.ulsa.alumnos;
				PRODUCT_NAME = "$(TARGET_NAME)";
				SWIFT_VERSION = 5.0;
				TARGETED_DEVICE_FAMILY = "1,2";
			};
			name = Release;
		};
		3D1035C228DCB16200F89208 /* Debug */ = {
			isa = XCBuildConfiguration;
			buildSettings = {
				ALWAYS_EMBED_SWIFT_STANDARD_LIBRARIES = YES;
				BUNDLE_LOADER = "$(TEST_HOST)";
				CODE_SIGN_STYLE = Automatic;
				INFOPLIST_FILE = alumnosTests/Info.plist;
				IPHONEOS_DEPLOYMENT_TARGET = 13.2;
				LD_RUNPATH_SEARCH_PATHS = (
					"$(inherited)",
					"@executable_path/Frameworks",
					"@loader_path/Frameworks",
				);
				PRODUCT_BUNDLE_IDENTIFIER = edu.ulsa.alumnosTests;
				PRODUCT_NAME = "$(TARGET_NAME)";
				SWIFT_VERSION = 5.0;
				TARGETED_DEVICE_FAMILY = "1,2";
				TEST_HOST = "$(BUILT_PRODUCTS_DIR)/alumnos.app/alumnos";
			};
			name = Debug;
		};
		3D1035C328DCB16200F89208 /* Release */ = {
			isa = XCBuildConfiguration;
			buildSettings = {
				ALWAYS_EMBED_SWIFT_STANDARD_LIBRARIES = YES;
				BUNDLE_LOADER = "$(TEST_HOST)";
				CODE_SIGN_STYLE = Automatic;
				INFOPLIST_FILE = alumnosTests/Info.plist;
				IPHONEOS_DEPLOYMENT_TARGET = 13.2;
				LD_RUNPATH_SEARCH_PATHS = (
					"$(inherited)",
					"@executable_path/Frameworks",
					"@loader_path/Frameworks",
				);
				PRODUCT_BUNDLE_IDENTIFIER = edu.ulsa.alumnosTests;
				PRODUCT_NAME = "$(TARGET_NAME)";
				SWIFT_VERSION = 5.0;
				TARGETED_DEVICE_FAMILY = "1,2";
				TEST_HOST = "$(BUILT_PRODUCTS_DIR)/alumnos.app/alumnos";
			};
			name = Release;
		};
		3D1035C528DCB16200F89208 /* Debug */ = {
			isa = XCBuildConfiguration;
			buildSettings = {
				ALWAYS_EMBED_SWIFT_STANDARD_LIBRARIES = YES;
				CODE_SIGN_STYLE = Automatic;
				INFOPLIST_FILE = alumnosUITests/Info.plist;
				LD_RUNPATH_SEARCH_PATHS = (
					"$(inherited)",
					"@executable_path/Frameworks",
					"@loader_path/Frameworks",
				);
				PRODUCT_BUNDLE_IDENTIFIER = edu.ulsa.alumnosUITests;
				PRODUCT_NAME = "$(TARGET_NAME)";
				SWIFT_VERSION = 5.0;
				TARGETED_DEVICE_FAMILY = "1,2";
				TEST_TARGET_NAME = alumnos;
			};
			name = Debug;
		};
		3D1035C628DCB16200F89208 /* Release */ = {
			isa = XCBuildConfiguration;
			buildSettings = {
				ALWAYS_EMBED_SWIFT_STANDARD_LIBRARIES = YES;
				CODE_SIGN_STYLE = Automatic;
				INFOPLIST_FILE = alumnosUITests/Info.plist;
				LD_RUNPATH_SEARCH_PATHS = (
					"$(inherited)",
					"@executable_path/Frameworks",
					"@loader_path/Frameworks",
				);
				PRODUCT_BUNDLE_IDENTIFIER = edu.ulsa.alumnosUITests;
				PRODUCT_NAME = "$(TARGET_NAME)";
				SWIFT_VERSION = 5.0;
				TARGETED_DEVICE_FAMILY = "1,2";
				TEST_TARGET_NAME = alumnos;
			};
			name = Release;
		};
/* End XCBuildConfiguration section */

/* Begin XCConfigurationList section */
		3D10358F28DCB15C00F89208 /* Build configuration list for PBXProject "alumnos" */ = {
			isa = XCConfigurationList;
			buildConfigurations = (
				3D1035BC28DCB16200F89208 /* Debug */,
				3D1035BD28DCB16200F89208 /* Release */,
			);
			defaultConfigurationIsVisible = 0;
			defaultConfigurationName = Release;
		};
		3D1035BE28DCB16200F89208 /* Build configuration list for PBXNativeTarget "alumnos" */ = {
			isa = XCConfigurationList;
			buildConfigurations = (
				3D1035BF28DCB16200F89208 /* Debug */,
				3D1035C028DCB16200F89208 /* Release */,
			);
			defaultConfigurationIsVisible = 0;
			defaultConfigurationName = Release;
		};
		3D1035C128DCB16200F89208 /* Build configuration list for PBXNativeTarget "alumnosTests" */ = {
			isa = XCConfigurationList;
			buildConfigurations = (
				3D1035C228DCB16200F89208 /* Debug */,
				3D1035C328DCB16200F89208 /* Release */,
			);
			defaultConfigurationIsVisible = 0;
			defaultConfigurationName = Release;
		};
		3D1035C428DCB16200F89208 /* Build configuration list for PBXNativeTarget "alumnosUITests" */ = {
			isa = XCConfigurationList;
			buildConfigurations = (
				3D1035C528DCB16200F89208 /* Debug */,
				3D1035C628DCB16200F89208 /* Release */,
			);
			defaultConfigurationIsVisible = 0;
			defaultConfigurationName = Release;
		};
/* End XCConfigurationList section */
	};
	rootObject = 3D10358C28DCB15C00F89208 /* Project object */;
}
